
Microsoft Visual Studio Solution File, Format Version 12.00
# Visual Studio Version 17
VisualStudioVersion = 17.5.002.0
MinimumVisualStudioVersion = 10.0.40219.1
Project("{9A19103F-16F7-4668-BE54-9A1E7A4F7556}") = "GraphQLDemo", "GraphQLDemo\GraphQLDemo.csproj", "{AB8C7AC0-14F6-4BF1-B3EF-FA0A5EF57F82}"
EndProject
Global
	GlobalSection(SolutionConfigurationPlatforms) = preSolution
		Debug|Any CPU = Debug|Any CPU
		Release|Any CPU = Release|Any CPU
	EndGlobalSection
	GlobalSection(ProjectConfigurationPlatforms) = postSolution
		{AB8C7AC0-14F6-4BF1-B3EF-FA0A5EF57F82}.Debug|Any CPU.ActiveCfg = Debug|Any CPU
		{AB8C7AC0-14F6-4BF1-B3EF-FA0A5EF57F82}.Debug|Any CPU.Build.0 = Debug|Any CPU
		{AB8C7AC0-14F6-4BF1-B3EF-FA0A5EF57F82}.Release|Any CPU.ActiveCfg = Release|Any CPU
		{AB8C7AC0-14F6-4BF1-B3EF-FA0A5EF57F82}.Release|Any CPU.Build.0 = Release|Any CPU
	EndGlobalSection
	GlobalSection(SolutionProperties) = preSolution
		HideSolutionNode = FALSE
	EndGlobalSection
	GlobalSection(ExtensibilityGlobals) = postSolution
		SolutionGuid = {3D4DC91A-03D5-40A5-B4F7-75905673730E}
	EndGlobalSection
EndGlobal
